
Microsoft Visual Studio Solution File, Format Version 12.00
# Visual Studio Version 16
VisualStudioVersion = 16.0.30204.135
MinimumVisualStudioVersion = 10.0.40219.1
Project("{8BC9CEB8-8B4A-11D0-8D11-00A0C91BC942}") = "SharpColdClear", "SharpColdClear.vcxproj", "{205D108B-6AF9-4A9A-9CF9-6E8055E356EF}"
EndProject
Project("{FAE04EC0-301F-11D3-BF4B-00C04F79EFBC}") = "ColdClearTest", "ColdClearTest\ColdClearTest.csproj", "{59789C40-3287-405E-AD6C-02CFD2C9A901}"
EndProject
Global
	GlobalSection(SolutionConfigurationPlatforms) = preSolution
		Debug|x64 = Debug|x64
		Release|x64 = Release|x64
	EndGlobalSection
	GlobalSection(ProjectConfigurationPlatforms) = postSolution
		{205D108B-6AF9-4A9A-9CF9-6E8055E356EF}.Debug|x64.ActiveCfg = Debug|x64
		{205D108B-6AF9-4A9A-9CF9-6E8055E356EF}.Debug|x64.Build.0 = Debug|x64
		{205D108B-6AF9-4A9A-9CF9-6E8055E356EF}.Release|x64.ActiveCfg = Release|x64
		{205D108B-6AF9-4A9A-9CF9-6E8055E356EF}.Release|x64.Build.0 = Release|x64
		{59789C40-3287-405E-AD6C-02CFD2C9A901}.Debug|x64.ActiveCfg = Debug|Any CPU
		{59789C40-3287-405E-AD6C-02CFD2C9A901}.Debug|x64.Build.0 = Debug|Any CPU
		{59789C40-3287-405E-AD6C-02CFD2C9A901}.Release|x64.ActiveCfg = Release|Any CPU
		{59789C40-3287-405E-AD6C-02CFD2C9A901}.Release|x64.Build.0 = Release|Any CPU
	EndGlobalSection
	GlobalSection(SolutionProperties) = preSolution
		HideSolutionNode = FALSE
	EndGlobalSection
	GlobalSection(ExtensibilityGlobals) = postSolution
		SolutionGuid = {F8FEACFF-EDE4-4687-B441-79B0E4B2A2A5}
	EndGlobalSection
EndGlobal
